
Microsoft Visual Studio Solution File, Format Version 12.00
# Visual Studio Version 16
VisualStudioVersion = 16.0.31410.357
MinimumVisualStudioVersion = 10.0.40219.1
Project("{FAE04EC0-301F-11D3-BF4B-00C04F79EFBC}") = "SCA-Cloud-Schhol-Demo", "SCA-Cloud-Schhol-Demo\SCA-Cloud-Schhol-Demo.csproj", "{EE6697CD-0686-497D-A00E-43E4EDDFDA88}"
EndProject
Global
	GlobalSection(SolutionConfigurationPlatforms) = preSolution
		Debug|Any CPU = Debug|Any CPU
		Release|Any CPU = Release|Any CPU
	EndGlobalSection
	GlobalSection(ProjectConfigurationPlatforms) = postSolution
		{EE6697CD-0686-497D-A00E-43E4EDDFDA88}.Debug|Any CPU.ActiveCfg = Debug|Any CPU
		{EE6697CD-0686-497D-A00E-43E4EDDFDA88}.Debug|Any CPU.Build.0 = Debug|Any CPU
		{EE6697CD-0686-497D-A00E-43E4EDDFDA88}.Release|Any CPU.ActiveCfg = Release|Any CPU
		{EE6697CD-0686-497D-A00E-43E4EDDFDA88}.Release|Any CPU.Build.0 = Release|Any CPU
	EndGlobalSection
	GlobalSection(SolutionProperties) = preSolution
		HideSolutionNode = FALSE
	EndGlobalSection
	GlobalSection(ExtensibilityGlobals) = postSolution
		SolutionGuid = {32695D29-5208-49BE-AAF0-CD14561D5CE2}
	EndGlobalSection
EndGlobal
